
Microsoft Visual Studio Solution File, Format Version 12.00
# Visual Studio Version 16
VisualStudioVersion = 16.0.31624.102
MinimumVisualStudioVersion = 10.0.40219.1
Project("{FAE04EC0-301F-11D3-BF4B-00C04F79EFBC}") = "CabInvoiceGenerator", "CabInvoiceGenerator\CabInvoiceGenerator.csproj", "{DD2F73BC-F645-4693-82CB-757B4A8588CC}"
EndProject
Project("{FAE04EC0-301F-11D3-BF4B-00C04F79EFBC}") = "CabInvoiceGeneratorTest", "CabInvoiceGeneratorTest\CabInvoiceGeneratorTest.csproj", "{A11B9AEF-4406-4CAE-B1C8-42BA014A112F}"
EndProject
Global
	GlobalSection(SolutionConfigurationPlatforms) = preSolution
		Debug|Any CPU = Debug|Any CPU
		Release|Any CPU = Release|Any CPU
	EndGlobalSection
	GlobalSection(ProjectConfigurationPlatforms) = postSolution
		{DD2F73BC-F645-4693-82CB-757B4A8588CC}.Debug|Any CPU.ActiveCfg = Debug|Any CPU
		{DD2F73BC-F645-4693-82CB-757B4A8588CC}.Debug|Any CPU.Build.0 = Debug|Any CPU
		{DD2F73BC-F645-4693-82CB-757B4A8588CC}.Release|Any CPU.ActiveCfg = Release|Any CPU
		{DD2F73BC-F645-4693-82CB-757B4A8588CC}.Release|Any CPU.Build.0 = Release|Any CPU
		{A11B9AEF-4406-4CAE-B1C8-42BA014A112F}.Debug|Any CPU.ActiveCfg = Debug|Any CPU
		{A11B9AEF-4406-4CAE-B1C8-42BA014A112F}.Debug|Any CPU.Build.0 = Debug|Any CPU
		{A11B9AEF-4406-4CAE-B1C8-42BA014A112F}.Release|Any CPU.ActiveCfg = Release|Any CPU
		{A11B9AEF-4406-4CAE-B1C8-42BA014A112F}.Release|Any CPU.Build.0 = Release|Any CPU
	EndGlobalSection
	GlobalSection(SolutionProperties) = preSolution
		HideSolutionNode = FALSE
	EndGlobalSection
	GlobalSection(ExtensibilityGlobals) = postSolution
		SolutionGuid = {B7CC31AC-CF6F-4A85-92A3-7E8E73D11CA9}
	EndGlobalSection
EndGlobal
